
Microsoft Visual Studio Solution File, Format Version 12.00
# Visual Studio Version 17
VisualStudioVersion = 17.8.34330.188
MinimumVisualStudioVersion = 10.0.40219.1
Project("{FAE04EC0-301F-11D3-BF4B-00C04F79EFBC}") = "Digital_Clock", "Digital_Clock.csproj", "{873A9FB9-36E8-4F59-AAD5-F05A60A763EB}"
EndProject
Global
	GlobalSection(SolutionConfigurationPlatforms) = preSolution
		Debug|Any CPU = Debug|Any CPU
		Release|Any CPU = Release|Any CPU
	EndGlobalSection
	GlobalSection(ProjectConfigurationPlatforms) = postSolution
		{873A9FB9-36E8-4F59-AAD5-F05A60A763EB}.Debug|Any CPU.ActiveCfg = Debug|Any CPU
		{873A9FB9-36E8-4F59-AAD5-F05A60A763EB}.Debug|Any CPU.Build.0 = Debug|Any CPU
		{873A9FB9-36E8-4F59-AAD5-F05A60A763EB}.Release|Any CPU.ActiveCfg = Release|Any CPU
		{873A9FB9-36E8-4F59-AAD5-F05A60A763EB}.Release|Any CPU.Build.0 = Release|Any CPU
	EndGlobalSection
	GlobalSection(SolutionProperties) = preSolution
		HideSolutionNode = FALSE
	EndGlobalSection
	GlobalSection(ExtensibilityGlobals) = postSolution
		SolutionGuid = {7F1FC578-5C95-4717-BD09-2AF37EC20775}
	EndGlobalSection
EndGlobal
